<?xml version="1.0" encoding="utf-8"?>
<Project ToolsVersion="4.0" xmlns="http://schemas.microsoft.com/developer/msbuild/2003">
  <ItemGroup>
    <Filter Include="App">
      <UniqueIdentifier>{e6347c3b-f6ac-4bce-9f53-f7543278fe7b}</UniqueIdentifier>
    </Filter>
    <Filter Include="GameEngine">
      <UniqueIdentifier>{c4675637-54ad-4685-a681-23fa3e09e589}</UniqueIdentifier>
    </Filter>
    <Filter Include="GameEngine\WindowingSystem">
      <UniqueIdentifier>{8d0e438d-379e-4783-825f-64e8ed30ceb5}</UniqueIdentifier>
    </Filter>
    <Filter Include="GameEngine\GraphicsEngine">
      <UniqueIdentifier>{a48447b1-d67c-4044-8dd7-c106a4f969b2}</UniqueIdentifier>
    </Filter>
    <Filter Include="GameEngine\Math">
      <UniqueIdentifier>{7a11f690-ce15-455a-aa68-178045099cf2}</UniqueIdentifier>
    </Filter>
    <Filter Include="GameEngine\GraphicsEngine\RenderSystem">
      <UniqueIdentifier>{75161171-c628-4bf7-86ee-34f8b6bc750d}</UniqueIdentifier>
    </Filter>
    <Filter Include="GameEngine\GraphicsEngine\RenderSystem\VertexShader">
      <UniqueIdentifier>{f5e13138-053b-4757-9320-9ad690e1fb4e}</UniqueIdentifier>
    </Filter>
    <Filter Include="GameEngine\GraphicsEngine\RenderSystem\ConstantBuffer">
      <UniqueIdentifier>{71583053-f5f5-4db3-bd95-78ef5b5937d4}</UniqueIdentifier>
    </Filter>
    <Filter Include="GameEngine\GraphicsEngine\RenderSystem\IndexBuffer">
      <UniqueIdentifier>{a7ab4547-58ca-448e-8552-b3b56231f47f}</UniqueIdentifier>
    </Filter>
    <Filter Include="GameEngine\GraphicsEngine\RenderSystem\PixelShader">
      <UniqueIdentifier>{34f2fc46-7c22-4234-820c-7f09646bd6ee}</UniqueIdentifier>
    </Filter>
    <Filter Include="GameEngine\GraphicsEngine\RenderSystem\RenderObject">
      <UniqueIdentifier>{a80d02d2-db4c-4dfa-8ebe-5fdf2d7ef90e}</UniqueIdentifier>
    </Filter>
    <Filter Include="GameEngine\GraphicsEngine\RenderSystem\VertexBuffer">
      <UniqueIdentifier>{827c91ca-87bd-48e3-948b-4ce34eb6c534}</UniqueIdentifier>
    </Filter>
    <Filter Include="GameEngine\GraphicsEngine\RenderSystem\SwapChain">
      <UniqueIdentifier>{d6b7b050-4531-4455-997e-f2f68fe10f89}</UniqueIdentifier>
    </Filter>
    <Filter Include="GameEngine\GraphicsEngine\RenderSystem\DeviceContext">
      <UniqueIdentifier>{85eb9192-9615-43e8-93e4-d863577f6373}</UniqueIdentifier>
    </Filter>
    <Filter Include="GameEngine\GraphicsEngine\Camera">
      <UniqueIdentifier>{0c8dfa3b-0170-4bbd-95ba-4e3f42e8dcb8}</UniqueIdentifier>
    </Filter>
    <Filter Include="GameEngine\GraphicsEngine\InputSystem">
      <UniqueIdentifier>{7b7a3d98-01c6-49f4-8221-e4f7edc639cd}</UniqueIdentifier>
    </Filter>
    <Filter Include="GameEngine\GraphicsEngine\RenderSystem\GameObject">
      <UniqueIdentifier>{868cf443-faf5-46da-aefe-47ee05ca89d9}</UniqueIdentifier>
    </Filter>
    <Filter Include="GameEngine\GraphicsEngine\SceneCameraHandler">
      <UniqueIdentifier>{4b7b7c05-692f-4433-8879-5b7ee5b37ede}</UniqueIdentifier>
    </Filter>
    <Filter Include="GameEngine\GraphicsEngine\RenderSystem\GameObject\Cube">
      <UniqueIdentifier>{4c264dbf-9dab-4c63-b4c7-242ed09f1045}</UniqueIdentifier>
    </Filter>
    <Filter Include="GameEngine\GraphicsEngine\RenderSystem\Vertex">
      <UniqueIdentifier>{d8c8fe62-6e36-4b32-8d10-30b8918785f2}</UniqueIdentifier>
    </Filter>
    <Filter Include="GameEngine\GraphicsEngine\RenderSystem\GameObject\Plane">
      <UniqueIdentifier>{11a37d22-e183-4b5c-beb0-5fdd7d0c9199}</UniqueIdentifier>
    </Filter>
    <Filter Include="GameEngine\UIManager">
      <UniqueIdentifier>{3a169032-49b8-420d-8014-dff60a94b8c4}</UniqueIdentifier>
    </Filter>
    <Filter Include="GameEngine\IMGUI">
      <UniqueIdentifier>{a8fdb4bf-216b-4a92-9009-822a1be65eb9}</UniqueIdentifier>
    </Filter>
    <Filter Include="GameEngine\UIScreen">
      <UniqueIdentifier>{b1d069a8-1c54-4092-a2a1-e98aea7748f3}</UniqueIdentifier>
    </Filter>
    <Filter Include="GameEngine\UIScreen\ToolBar">
      <UniqueIdentifier>{9aa3e8e7-27f0-43c1-9fad-e92c68097b73}</UniqueIdentifier>
    </Filter>
    <Filter Include="GameEngine\UIScreen\CreditsScreen">
      <UniqueIdentifier>{f356698d-72aa-4568-824d-6b17e49c5b50}</UniqueIdentifier>
    </Filter>
    <Filter Include="GameEngine\GraphicsEngine\UIImage">
      <UniqueIdentifier>{4ecf704d-7427-4fdf-83e7-a484a399e67d}</UniqueIdentifier>
    </Filter>
    <Filter Include="GameEngine\UIScreen\ColorPickerScreen">
      <UniqueIdentifier>{4aa60781-db50-4234-be23-49aae076a1ab}</UniqueIdentifier>
    </Filter>
    <Filter Include="GameEngine\PhysicsSystem">
      <UniqueIdentifier>{d2aac2c6-3f0b-4799-9b77-75d5644e7dc0}</UniqueIdentifier>
    </Filter>
    <Filter Include="GameEngine\Component">
      <UniqueIdentifier>{67ef5910-304c-4d95-b0da-edba6ab37106}</UniqueIdentifier>
    </Filter>
    <Filter Include="GameEngine\Component\PhysicsComponent">
      <UniqueIdentifier>{385693be-917f-4394-b4c4-6c7906f967f3}</UniqueIdentifier>
    </Filter>
  </ItemGroup>
  <ItemGroup>
    <ClCompile Include="main.cpp">
      <Filter>App</Filter>
    </ClCompile>
    <ClCompile Include="AppWindow.cpp">
      <Filter>App</Filter>
    </ClCompile>
    <ClCompile Include="Window.cpp">
      <Filter>GameEngine\WindowingSystem</Filter>
    </ClCompile>
    <ClCompile Include="GraphicsEngine.cpp">
      <Filter>GameEngine\GraphicsEngine</Filter>
    </ClCompile>
    <ClCompile Include="SwapChain.cpp">
      <Filter>GameEngine\GraphicsEngine\RenderSystem\SwapChain</Filter>
    </ClCompile>
    <ClCompile Include="DeviceContext.cpp">
      <Filter>GameEngine\GraphicsEngine\RenderSystem\DeviceContext</Filter>
    </ClCompile>
    <ClCompile Include="VertexBuffer.cpp">
      <Filter>GameEngine\GraphicsEngine\RenderSystem\VertexBuffer</Filter>
    </ClCompile>
    <ClCompile Include="VertexShader.cpp">
      <Filter>GameEngine\GraphicsEngine\RenderSystem\VertexShader</Filter>
    </ClCompile>
    <ClCompile Include="PixelShader.cpp">
      <Filter>GameEngine\GraphicsEngine\RenderSystem\PixelShader</Filter>
    </ClCompile>
    <ClCompile Include="ConstantBuffer.cpp">
      <Filter>GameEngine\GraphicsEngine\RenderSystem\ConstantBuffer</Filter>
    </ClCompile>
    <ClCompile Include="RenderObject.cpp">
      <Filter>GameEngine\GraphicsEngine\RenderSystem\RenderObject</Filter>
    </ClCompile>
    <ClCompile Include="IndexBuffer.cpp">
      <Filter>GameEngine\GraphicsEngine\RenderSystem\IndexBuffer</Filter>
    </ClCompile>
    <ClCompile Include="Camera.cpp">
      <Filter>GameEngine\GraphicsEngine\Camera</Filter>
    </ClCompile>
    <ClCompile Include="RenderSystem.cpp">
      <Filter>GameEngine\GraphicsEngine\RenderSystem</Filter>
    </ClCompile>
    <ClCompile Include="InputSystem.cpp">
      <Filter>GameEngine\GraphicsEngine\InputSystem</Filter>
    </ClCompile>
    <ClCompile Include="AGameObject.cpp">
      <Filter>GameEngine\GraphicsEngine\RenderSystem\GameObject</Filter>
    </ClCompile>
    <ClCompile Include="SceneCameraHandler.cpp">
      <Filter>GameEngine\GraphicsEngine\SceneCameraHandler</Filter>
    </ClCompile>
    <ClCompile Include="Cube.cpp">
      <Filter>GameEngine\GraphicsEngine\RenderSystem\GameObject\Cube</Filter>
    </ClCompile>
    <ClCompile Include="EngineTime.cpp">
      <Filter>GameEngine\GraphicsEngine</Filter>
    </ClCompile>
    <ClCompile Include="Plane.cpp">
      <Filter>GameEngine\GraphicsEngine\RenderSystem\GameObject\Plane</Filter>
    </ClCompile>
    <ClCompile Include="UIManager.cpp">
      <Filter>GameEngine\UIManager</Filter>
    </ClCompile>
    <ClCompile Include="imgui.cpp">
      <Filter>GameEngine\IMGUI</Filter>
    </ClCompile>
    <ClCompile Include="imgui_demo.cpp">
      <Filter>GameEngine\IMGUI</Filter>
    </ClCompile>
    <ClCompile Include="imgui_draw.cpp">
      <Filter>GameEngine\IMGUI</Filter>
    </ClCompile>
    <ClCompile Include="imgui_impl_dx11.cpp">
      <Filter>GameEngine\IMGUI</Filter>
    </ClCompile>
    <ClCompile Include="imgui_impl_win32.cpp">
      <Filter>GameEngine\IMGUI</Filter>
    </ClCompile>
    <ClCompile Include="imgui_widgets.cpp">
      <Filter>GameEngine\IMGUI</Filter>
    </ClCompile>
    <ClCompile Include="imgui_tables.cpp">
      <Filter>GameEngine\IMGUI</Filter>
    </ClCompile>
    <ClCompile Include="ToolBar.cpp">
      <Filter>GameEngine\UIScreen\ToolBar</Filter>
    </ClCompile>
    <ClCompile Include="CreditsScreen.cpp">
      <Filter>GameEngine\UIScreen\CreditsScreen</Filter>
    </ClCompile>
    <ClCompile Include="UIImage.cpp">
      <Filter>GameEngine\GraphicsEngine\UIImage</Filter>
    </ClCompile>
    <ClCompile Include="ColorPickerScreen.cpp">
      <Filter>GameEngine\UIScreen\ColorPickerScreen</Filter>
    </ClCompile>
    <ClCompile Include="PhysicsSystem.cpp">
      <Filter>GameEngine\PhysicsSystem</Filter>
    </ClCompile>
    <ClCompile Include="AComponent.cpp">
      <Filter>GameEngine\Component</Filter>
    </ClCompile>
    <ClCompile Include="PhysicsComponent.cpp">
      <Filter>GameEngine\Component\PhysicsComponent</Filter>
    </ClCompile>
    <ClCompile Include="PhysicsCube.cpp">
      <Filter>GameEngine\GraphicsEngine\RenderSystem\GameObject\Cube</Filter>
    </ClCompile>
    <ClCompile Include="GameObjectManager.cpp">
      <Filter>GameEngine\GraphicsEngine\RenderSystem</Filter>
    </ClCompile>
  </ItemGroup>
  <ItemGroup>
    <ClInclude Include="AppWindow.h">
      <Filter>App</Filter>
    </ClInclude>
    <ClInclude Include="Window.h">
      <Filter>GameEngine\WindowingSystem</Filter>
    </ClInclude>
    <ClInclude Include="GraphicsEngine.h">
      <Filter>GameEngine\GraphicsEngine</Filter>
    </ClInclude>
    <ClInclude Include="SwapChain.h">
      <Filter>GameEngine\GraphicsEngine\RenderSystem\SwapChain</Filter>
    </ClInclude>
    <ClInclude Include="DeviceContext.h">
      <Filter>GameEngine\GraphicsEngine\RenderSystem\DeviceContext</Filter>
    </ClInclude>
    <ClInclude Include="VertexBuffer.h">
      <Filter>GameEngine\GraphicsEngine\RenderSystem\VertexBuffer</Filter>
    </ClInclude>
    <ClInclude Include="VertexShader.h">
      <Filter>GameEngine\GraphicsEngine\RenderSystem\VertexShader</Filter>
    </ClInclude>
    <ClInclude Include="PixelShader.h">
      <Filter>GameEngine\GraphicsEngine\RenderSystem\PixelShader</Filter>
    </ClInclude>
    <ClInclude Include="ConstantBuffer.h">
      <Filter>GameEngine\GraphicsEngine\RenderSystem\ConstantBuffer</Filter>
    </ClInclude>
    <ClInclude Include="RenderObject.h">
      <Filter>GameEngine\GraphicsEngine\RenderSystem\RenderObject</Filter>
    </ClInclude>
    <ClInclude Include="Vertex.h">
      <Filter>GameEngine\GraphicsEngine\RenderSystem\Vertex</Filter>
    </ClInclude>
    <ClInclude Include="Vector3D.h">
      <Filter>GameEngine\Math</Filter>
    </ClInclude>
    <ClInclude Include="Matrix4x4.h">
      <Filter>GameEngine\Math</Filter>
    </ClInclude>
    <ClInclude Include="IndexBuffer.h">
      <Filter>GameEngine\GraphicsEngine\RenderSystem\IndexBuffer</Filter>
    </ClInclude>
    <ClInclude Include="Camera.h">
      <Filter>GameEngine\GraphicsEngine\Camera</Filter>
    </ClInclude>
    <ClInclude Include="Prerequisites.h">
      <Filter>GameEngine</Filter>
    </ClInclude>
    <ClInclude Include="RenderSystem.h">
      <Filter>GameEngine\GraphicsEngine\RenderSystem</Filter>
    </ClInclude>
    <ClInclude Include="Vector4D.h">
      <Filter>GameEngine\Math</Filter>
    </ClInclude>
    <ClInclude Include="InputListener.h">
      <Filter>GameEngine\GraphicsEngine\InputSystem</Filter>
    </ClInclude>
    <ClInclude Include="InputSystem.h">
      <Filter>GameEngine\GraphicsEngine\InputSystem</Filter>
    </ClInclude>
    <ClInclude Include="Point.h">
      <Filter>GameEngine\Math</Filter>
    </ClInclude>
    <ClInclude Include="AGameObject.h">
      <Filter>GameEngine\GraphicsEngine\RenderSystem\GameObject</Filter>
    </ClInclude>
    <ClInclude Include="SceneCameraHandler.h">
      <Filter>GameEngine\GraphicsEngine\SceneCameraHandler</Filter>
    </ClInclude>
    <ClInclude Include="Cube.h">
      <Filter>GameEngine\GraphicsEngine\RenderSystem\GameObject\Cube</Filter>
    </ClInclude>
    <ClInclude Include="EngineTime.h">
      <Filter>GameEngine\GraphicsEngine</Filter>
    </ClInclude>
    <ClInclude Include="Plane.h">
      <Filter>GameEngine\GraphicsEngine\RenderSystem\GameObject\Plane</Filter>
    </ClInclude>
    <ClInclude Include="UIManager.h">
      <Filter>GameEngine\UIManager</Filter>
    </ClInclude>
    <ClInclude Include="imconfig.h">
      <Filter>GameEngine\IMGUI</Filter>
    </ClInclude>
    <ClInclude Include="imgui.h">
      <Filter>GameEngine\IMGUI</Filter>
    </ClInclude>
    <ClInclude Include="imgui_impl_dx11.h">
      <Filter>GameEngine\IMGUI</Filter>
    </ClInclude>
    <ClInclude Include="imgui_impl_win32.h">
      <Filter>GameEngine\IMGUI</Filter>
    </ClInclude>
    <ClInclude Include="imgui_internal.h">
      <Filter>GameEngine\IMGUI</Filter>
    </ClInclude>
    <ClInclude Include="imstb_rectpack.h">
      <Filter>GameEngine\IMGUI</Filter>
    </ClInclude>
    <ClInclude Include="imstb_textedit.h">
      <Filter>GameEngine\IMGUI</Filter>
    </ClInclude>
    <ClInclude Include="imstb_truetype.h">
      <Filter>GameEngine\IMGUI</Filter>
    </ClInclude>
    <ClInclude Include="UIScreen.h">
      <Filter>GameEngine\UIScreen</Filter>
    </ClInclude>
    <ClInclude Include="ToolBar.h">
      <Filter>GameEngine\UIScreen\ToolBar</Filter>
    </ClInclude>
    <ClInclude Include="CreditsScreen.h">
      <Filter>GameEngine\UIScreen\CreditsScreen</Filter>
    </ClInclude>
    <ClInclude Include="UIImage.h">
      <Filter>GameEngine\GraphicsEngine\UIImage</Filter>
    </ClInclude>
    <ClInclude Include="ColorPickerScreen.h">
      <Filter>GameEngine\UIScreen\ColorPickerScreen</Filter>
    </ClInclude>
    <ClInclude Include="PhysicsSystem.h">
      <Filter>GameEngine\PhysicsSystem</Filter>
    </ClInclude>
    <ClInclude Include="AComponent.h">
      <Filter>GameEngine\Component</Filter>
    </ClInclude>
    <ClInclude Include="PhysicsComponent.h">
      <Filter>GameEngine\Component\PhysicsComponent</Filter>
    </ClInclude>
    <ClInclude Include="PhysicsCube.h">
      <Filter>GameEngine\GraphicsEngine\RenderSystem\GameObject\Cube</Filter>
    </ClInclude>
    <ClInclude Include="GameObjectManager.h">
      <Filter>GameEngine\GraphicsEngine\RenderSystem</Filter>
    </ClInclude>
  </ItemGroup>
  <ItemGroup>
    <FxCompile Include="VertexShader.hlsl">
      <Filter>App</Filter>
    </FxCompile>
    <FxCompile Include="PixelShader.hlsl">
      <Filter>App</Filter>
    </FxCompile>
  </ItemGroup>
</Project>